
Microsoft Visual Studio Solution File, Format Version 12.00
# Visual Studio Version 17
VisualStudioVersion = 17.1.32407.343
MinimumVisualStudioVersion = 10.0.40219.1
Project("{9A19103F-16F7-4668-BE54-9A1E7A4F7556}") = "PrecisionTimer.NET", "PrecisionTimer\PrecisionTimer.NET.csproj", "{BF5CF647-D061-4042-B2ED-286B379EEEA2}"
EndProject
Project("{FAE04EC0-301F-11D3-BF4B-00C04F79EFBC}") = "Example", "Example\Example.csproj", "{3866CB4E-3CB2-43B8-B7A8-2590A784C36A}"
EndProject
Global
	GlobalSection(SolutionConfigurationPlatforms) = preSolution
		Debug|Any CPU = Debug|Any CPU
		Release|Any CPU = Release|Any CPU
	EndGlobalSection
	GlobalSection(ProjectConfigurationPlatforms) = postSolution
		{BF5CF647-D061-4042-B2ED-286B379EEEA2}.Debug|Any CPU.ActiveCfg = Debug|Any CPU
		{BF5CF647-D061-4042-B2ED-286B379EEEA2}.Debug|Any CPU.Build.0 = Debug|Any CPU
		{BF5CF647-D061-4042-B2ED-286B379EEEA2}.Release|Any CPU.ActiveCfg = Release|Any CPU
		{BF5CF647-D061-4042-B2ED-286B379EEEA2}.Release|Any CPU.Build.0 = Release|Any CPU
		{3866CB4E-3CB2-43B8-B7A8-2590A784C36A}.Debug|Any CPU.ActiveCfg = Debug|Any CPU
		{3866CB4E-3CB2-43B8-B7A8-2590A784C36A}.Debug|Any CPU.Build.0 = Debug|Any CPU
		{3866CB4E-3CB2-43B8-B7A8-2590A784C36A}.Release|Any CPU.ActiveCfg = Release|Any CPU
		{3866CB4E-3CB2-43B8-B7A8-2590A784C36A}.Release|Any CPU.Build.0 = Release|Any CPU
	EndGlobalSection
	GlobalSection(SolutionProperties) = preSolution
		HideSolutionNode = FALSE
	EndGlobalSection
	GlobalSection(ExtensibilityGlobals) = postSolution
		SolutionGuid = {03F11428-B21C-4069-A18B-D302A9CD3AD7}
	EndGlobalSection
EndGlobal
